
Microsoft Visual Studio Solution File, Format Version 12.00
# Visual Studio 15
VisualStudioVersion = 15.0.26730.12
MinimumVisualStudioVersion = 10.0.40219.1
Project("{FAE04EC0-301F-11D3-BF4B-00C04F79EFBC}") = "SA45_9B_LibraryManaegmentSystem", "SA45_9B_LibraryManaegmentSystem\SA45_9B_LibraryManaegmentSystem.csproj", "{6AC90E61-A750-4961-A904-41D50A568CB5}"
EndProject
Global
	GlobalSection(SolutionConfigurationPlatforms) = preSolution
		Debug|Any CPU = Debug|Any CPU
		Release|Any CPU = Release|Any CPU
	EndGlobalSection
	GlobalSection(ProjectConfigurationPlatforms) = postSolution
		{6AC90E61-A750-4961-A904-41D50A568CB5}.Debug|Any CPU.ActiveCfg = Debug|Any CPU
		{6AC90E61-A750-4961-A904-41D50A568CB5}.Debug|Any CPU.Build.0 = Debug|Any CPU
		{6AC90E61-A750-4961-A904-41D50A568CB5}.Release|Any CPU.ActiveCfg = Release|Any CPU
		{6AC90E61-A750-4961-A904-41D50A568CB5}.Release|Any CPU.Build.0 = Release|Any CPU
	EndGlobalSection
	GlobalSection(SolutionProperties) = preSolution
		HideSolutionNode = FALSE
	EndGlobalSection
	GlobalSection(ExtensibilityGlobals) = postSolution
		SolutionGuid = {D0766B1C-7A60-4E60-8D34-183FD7A88241}
	EndGlobalSection
EndGlobal
